
Microsoft Visual Studio Solution File, Format Version 12.00
# Visual Studio Version 16
VisualStudioVersion = 16.0.31424.327
MinimumVisualStudioVersion = 10.0.40219.1
Project("{FAE04EC0-301F-11D3-BF4B-00C04F79EFBC}") = "UserService", "UserService.csproj", "{22DA61FC-4E84-40A0-BA49-7B68BFBA65C9}"
EndProject
Global
	GlobalSection(SolutionConfigurationPlatforms) = preSolution
		Debug|Any CPU = Debug|Any CPU
		Release|Any CPU = Release|Any CPU
	EndGlobalSection
	GlobalSection(ProjectConfigurationPlatforms) = postSolution
		{22DA61FC-4E84-40A0-BA49-7B68BFBA65C9}.Debug|Any CPU.ActiveCfg = Debug|Any CPU
		{22DA61FC-4E84-40A0-BA49-7B68BFBA65C9}.Debug|Any CPU.Build.0 = Debug|Any CPU
		{22DA61FC-4E84-40A0-BA49-7B68BFBA65C9}.Release|Any CPU.ActiveCfg = Release|Any CPU
		{22DA61FC-4E84-40A0-BA49-7B68BFBA65C9}.Release|Any CPU.Build.0 = Release|Any CPU
	EndGlobalSection
	GlobalSection(SolutionProperties) = preSolution
		HideSolutionNode = FALSE
	EndGlobalSection
	GlobalSection(ExtensibilityGlobals) = postSolution
		SolutionGuid = {8B64D84A-9546-4F9C-BC89-1994D84F9007}
	EndGlobalSection
EndGlobal
